
Microsoft Visual Studio Solution File, Format Version 12.00
# Visual Studio Version 16
VisualStudioVersion = 16.0.29009.5
MinimumVisualStudioVersion = 10.0.40219.1
Project("{8BC9CEB8-8B4A-11D0-8D11-00A0C91BC942}") = "Dynamic_Memory", "Dynamic_Memory\Dynamic_Memory.vcxproj", "{3A55561D-B138-4C6E-923B-870FD2264AEC}"
EndProject
Global
	GlobalSection(SolutionConfigurationPlatforms) = preSolution
		Debug|x64 = Debug|x64
		Debug|x86 = Debug|x86
		Release|x64 = Release|x64
		Release|x86 = Release|x86
	EndGlobalSection
	GlobalSection(ProjectConfigurationPlatforms) = postSolution
		{3A55561D-B138-4C6E-923B-870FD2264AEC}.Debug|x64.ActiveCfg = Debug|x64
		{3A55561D-B138-4C6E-923B-870FD2264AEC}.Debug|x64.Build.0 = Debug|x64
		{3A55561D-B138-4C6E-923B-870FD2264AEC}.Debug|x86.ActiveCfg = Debug|Win32
		{3A55561D-B138-4C6E-923B-870FD2264AEC}.Debug|x86.Build.0 = Debug|Win32
		{3A55561D-B138-4C6E-923B-870FD2264AEC}.Release|x64.ActiveCfg = Release|x64
		{3A55561D-B138-4C6E-923B-870FD2264AEC}.Release|x64.Build.0 = Release|x64
		{3A55561D-B138-4C6E-923B-870FD2264AEC}.Release|x86.ActiveCfg = Release|Win32
		{3A55561D-B138-4C6E-923B-870FD2264AEC}.Release|x86.Build.0 = Release|Win32
	EndGlobalSection
	GlobalSection(SolutionProperties) = preSolution
		HideSolutionNode = FALSE
	EndGlobalSection
	GlobalSection(ExtensibilityGlobals) = postSolution
		SolutionGuid = {0C98DD6B-DCD4-46FA-BFDF-1B775584216D}
	EndGlobalSection
EndGlobal
