
Microsoft Visual Studio Solution File, Format Version 12.00
# Visual Studio Version 16
VisualStudioVersion = 16.0.29009.5
MinimumVisualStudioVersion = 10.0.40219.1
Project("{8BC9CEB8-8B4A-11D0-8D11-00A0C91BC942}") = "7_02_1", "7_02_1\7_02_1.vcxproj", "{EB9333C8-E14B-4A01-BE76-2E82593E9BE7}"
EndProject
Global
	GlobalSection(SolutionConfigurationPlatforms) = preSolution
		Debug|x64 = Debug|x64
		Debug|x86 = Debug|x86
		Release|x64 = Release|x64
		Release|x86 = Release|x86
	EndGlobalSection
	GlobalSection(ProjectConfigurationPlatforms) = postSolution
		{EB9333C8-E14B-4A01-BE76-2E82593E9BE7}.Debug|x64.ActiveCfg = Debug|x64
		{EB9333C8-E14B-4A01-BE76-2E82593E9BE7}.Debug|x64.Build.0 = Debug|x64
		{EB9333C8-E14B-4A01-BE76-2E82593E9BE7}.Debug|x86.ActiveCfg = Debug|Win32
		{EB9333C8-E14B-4A01-BE76-2E82593E9BE7}.Debug|x86.Build.0 = Debug|Win32
		{EB9333C8-E14B-4A01-BE76-2E82593E9BE7}.Release|x64.ActiveCfg = Release|x64
		{EB9333C8-E14B-4A01-BE76-2E82593E9BE7}.Release|x64.Build.0 = Release|x64
		{EB9333C8-E14B-4A01-BE76-2E82593E9BE7}.Release|x86.ActiveCfg = Release|Win32
		{EB9333C8-E14B-4A01-BE76-2E82593E9BE7}.Release|x86.Build.0 = Release|Win32
	EndGlobalSection
	GlobalSection(SolutionProperties) = preSolution
		HideSolutionNode = FALSE
	EndGlobalSection
	GlobalSection(ExtensibilityGlobals) = postSolution
		SolutionGuid = {DEB718B7-A10C-4924-A881-8FD4EC3DEF84}
	EndGlobalSection
EndGlobal
